
Microsoft Visual Studio Solution File, Format Version 12.00
# Visual Studio Version 16
VisualStudioVersion = 16.0.30503.244
MinimumVisualStudioVersion = 10.0.40219.1
Project("{8BC9CEB8-8B4A-11D0-8D11-00A0C91BC942}") = "201220", "201220\201220.vcxproj", "{5D910A79-C924-4008-A607-9DFF2F513871}"
EndProject
Global
	GlobalSection(SolutionConfigurationPlatforms) = preSolution
		Debug|x64 = Debug|x64
		Debug|x86 = Debug|x86
		Release|x64 = Release|x64
		Release|x86 = Release|x86
	EndGlobalSection
	GlobalSection(ProjectConfigurationPlatforms) = postSolution
		{5D910A79-C924-4008-A607-9DFF2F513871}.Debug|x64.ActiveCfg = Debug|x64
		{5D910A79-C924-4008-A607-9DFF2F513871}.Debug|x64.Build.0 = Debug|x64
		{5D910A79-C924-4008-A607-9DFF2F513871}.Debug|x86.ActiveCfg = Debug|Win32
		{5D910A79-C924-4008-A607-9DFF2F513871}.Debug|x86.Build.0 = Debug|Win32
		{5D910A79-C924-4008-A607-9DFF2F513871}.Release|x64.ActiveCfg = Release|x64
		{5D910A79-C924-4008-A607-9DFF2F513871}.Release|x64.Build.0 = Release|x64
		{5D910A79-C924-4008-A607-9DFF2F513871}.Release|x86.ActiveCfg = Release|Win32
		{5D910A79-C924-4008-A607-9DFF2F513871}.Release|x86.Build.0 = Release|Win32
	EndGlobalSection
	GlobalSection(SolutionProperties) = preSolution
		HideSolutionNode = FALSE
	EndGlobalSection
	GlobalSection(ExtensibilityGlobals) = postSolution
		SolutionGuid = {7F05C657-5627-41F3-ACA3-72F07C48E5CE}
	EndGlobalSection
EndGlobal
