
Microsoft Visual Studio Solution File, Format Version 12.00
# Visual Studio Version 16
VisualStudioVersion = 16.0.30503.244
MinimumVisualStudioVersion = 10.0.40219.1
Project("{8BC9CEB8-8B4A-11D0-8D11-00A0C91BC942}") = "221120_hw", "221120_hw\221120_hw.vcxproj", "{3D1D8057-4B40-4C71-AE16-073AF3ACA5EF}"
EndProject
Global
	GlobalSection(SolutionConfigurationPlatforms) = preSolution
		Debug|x64 = Debug|x64
		Debug|x86 = Debug|x86
		Release|x64 = Release|x64
		Release|x86 = Release|x86
	EndGlobalSection
	GlobalSection(ProjectConfigurationPlatforms) = postSolution
		{3D1D8057-4B40-4C71-AE16-073AF3ACA5EF}.Debug|x64.ActiveCfg = Debug|x64
		{3D1D8057-4B40-4C71-AE16-073AF3ACA5EF}.Debug|x64.Build.0 = Debug|x64
		{3D1D8057-4B40-4C71-AE16-073AF3ACA5EF}.Debug|x86.ActiveCfg = Debug|Win32
		{3D1D8057-4B40-4C71-AE16-073AF3ACA5EF}.Debug|x86.Build.0 = Debug|Win32
		{3D1D8057-4B40-4C71-AE16-073AF3ACA5EF}.Release|x64.ActiveCfg = Release|x64
		{3D1D8057-4B40-4C71-AE16-073AF3ACA5EF}.Release|x64.Build.0 = Release|x64
		{3D1D8057-4B40-4C71-AE16-073AF3ACA5EF}.Release|x86.ActiveCfg = Release|Win32
		{3D1D8057-4B40-4C71-AE16-073AF3ACA5EF}.Release|x86.Build.0 = Release|Win32
	EndGlobalSection
	GlobalSection(SolutionProperties) = preSolution
		HideSolutionNode = FALSE
	EndGlobalSection
	GlobalSection(ExtensibilityGlobals) = postSolution
		SolutionGuid = {0E6E5382-0403-4B9E-ACB4-D5D523160F79}
	EndGlobalSection
EndGlobal
