
Microsoft Visual Studio Solution File, Format Version 12.00
# Visual Studio Version 16
VisualStudioVersion = 16.0.30503.244
MinimumVisualStudioVersion = 10.0.40219.1
Project("{8BC9CEB8-8B4A-11D0-8D11-00A0C91BC942}") = "261120_hw", "261120_hw\261120_hw.vcxproj", "{9C261B80-EF03-457B-81BC-5FEFC74B7E1D}"
EndProject
Global
	GlobalSection(SolutionConfigurationPlatforms) = preSolution
		Debug|x64 = Debug|x64
		Debug|x86 = Debug|x86
		Release|x64 = Release|x64
		Release|x86 = Release|x86
	EndGlobalSection
	GlobalSection(ProjectConfigurationPlatforms) = postSolution
		{9C261B80-EF03-457B-81BC-5FEFC74B7E1D}.Debug|x64.ActiveCfg = Debug|x64
		{9C261B80-EF03-457B-81BC-5FEFC74B7E1D}.Debug|x64.Build.0 = Debug|x64
		{9C261B80-EF03-457B-81BC-5FEFC74B7E1D}.Debug|x86.ActiveCfg = Debug|Win32
		{9C261B80-EF03-457B-81BC-5FEFC74B7E1D}.Debug|x86.Build.0 = Debug|Win32
		{9C261B80-EF03-457B-81BC-5FEFC74B7E1D}.Release|x64.ActiveCfg = Release|x64
		{9C261B80-EF03-457B-81BC-5FEFC74B7E1D}.Release|x64.Build.0 = Release|x64
		{9C261B80-EF03-457B-81BC-5FEFC74B7E1D}.Release|x86.ActiveCfg = Release|Win32
		{9C261B80-EF03-457B-81BC-5FEFC74B7E1D}.Release|x86.Build.0 = Release|Win32
	EndGlobalSection
	GlobalSection(SolutionProperties) = preSolution
		HideSolutionNode = FALSE
	EndGlobalSection
	GlobalSection(ExtensibilityGlobals) = postSolution
		SolutionGuid = {284F598A-67EB-4153-AA4B-AE49847EA272}
	EndGlobalSection
EndGlobal
