
Microsoft Visual Studio Solution File, Format Version 12.00
# Visual Studio Version 16
VisualStudioVersion = 16.0.30204.135
MinimumVisualStudioVersion = 10.0.40219.1
Project("{8BC9CEB8-8B4A-11D0-8D11-00A0C91BC942}") = "291020", "291020\291020.vcxproj", "{26B24933-CE37-4E07-8A71-03FB806FEDD6}"
EndProject
Global
	GlobalSection(SolutionConfigurationPlatforms) = preSolution
		Debug|x64 = Debug|x64
		Debug|x86 = Debug|x86
		Release|x64 = Release|x64
		Release|x86 = Release|x86
	EndGlobalSection
	GlobalSection(ProjectConfigurationPlatforms) = postSolution
		{26B24933-CE37-4E07-8A71-03FB806FEDD6}.Debug|x64.ActiveCfg = Debug|x64
		{26B24933-CE37-4E07-8A71-03FB806FEDD6}.Debug|x64.Build.0 = Debug|x64
		{26B24933-CE37-4E07-8A71-03FB806FEDD6}.Debug|x86.ActiveCfg = Debug|Win32
		{26B24933-CE37-4E07-8A71-03FB806FEDD6}.Debug|x86.Build.0 = Debug|Win32
		{26B24933-CE37-4E07-8A71-03FB806FEDD6}.Release|x64.ActiveCfg = Release|x64
		{26B24933-CE37-4E07-8A71-03FB806FEDD6}.Release|x64.Build.0 = Release|x64
		{26B24933-CE37-4E07-8A71-03FB806FEDD6}.Release|x86.ActiveCfg = Release|Win32
		{26B24933-CE37-4E07-8A71-03FB806FEDD6}.Release|x86.Build.0 = Release|Win32
	EndGlobalSection
	GlobalSection(SolutionProperties) = preSolution
		HideSolutionNode = FALSE
	EndGlobalSection
	GlobalSection(ExtensibilityGlobals) = postSolution
		SolutionGuid = {604247F0-D63B-436A-B78D-12B8CB064987}
	EndGlobalSection
EndGlobal
