
Microsoft Visual Studio Solution File, Format Version 12.00
# Visual Studio Version 16
VisualStudioVersion = 16.0.30503.244
MinimumVisualStudioVersion = 10.0.40219.1
Project("{8BC9CEB8-8B4A-11D0-8D11-00A0C91BC942}") = "241220_hw", "241220_hw\241220_hw.vcxproj", "{F303A902-E68F-4603-8B54-73D5B757D8EC}"
EndProject
Global
	GlobalSection(SolutionConfigurationPlatforms) = preSolution
		Debug|x64 = Debug|x64
		Debug|x86 = Debug|x86
		Release|x64 = Release|x64
		Release|x86 = Release|x86
	EndGlobalSection
	GlobalSection(ProjectConfigurationPlatforms) = postSolution
		{F303A902-E68F-4603-8B54-73D5B757D8EC}.Debug|x64.ActiveCfg = Debug|x64
		{F303A902-E68F-4603-8B54-73D5B757D8EC}.Debug|x64.Build.0 = Debug|x64
		{F303A902-E68F-4603-8B54-73D5B757D8EC}.Debug|x86.ActiveCfg = Debug|Win32
		{F303A902-E68F-4603-8B54-73D5B757D8EC}.Debug|x86.Build.0 = Debug|Win32
		{F303A902-E68F-4603-8B54-73D5B757D8EC}.Release|x64.ActiveCfg = Release|x64
		{F303A902-E68F-4603-8B54-73D5B757D8EC}.Release|x64.Build.0 = Release|x64
		{F303A902-E68F-4603-8B54-73D5B757D8EC}.Release|x86.ActiveCfg = Release|Win32
		{F303A902-E68F-4603-8B54-73D5B757D8EC}.Release|x86.Build.0 = Release|Win32
	EndGlobalSection
	GlobalSection(SolutionProperties) = preSolution
		HideSolutionNode = FALSE
	EndGlobalSection
	GlobalSection(ExtensibilityGlobals) = postSolution
		SolutionGuid = {0160A000-2FEC-45ED-BAAB-F9390C814940}
	EndGlobalSection
EndGlobal
