
Microsoft Visual Studio Solution File, Format Version 12.00
# Visual Studio Version 16
VisualStudioVersion = 16.0.30503.244
MinimumVisualStudioVersion = 10.0.40219.1
Project("{8BC9CEB8-8B4A-11D0-8D11-00A0C91BC942}") = "101220_hw", "101220_hw\101220_hw.vcxproj", "{72659353-9FE2-428C-B969-79DD159855B4}"
EndProject
Global
	GlobalSection(SolutionConfigurationPlatforms) = preSolution
		Debug|x64 = Debug|x64
		Debug|x86 = Debug|x86
		Release|x64 = Release|x64
		Release|x86 = Release|x86
	EndGlobalSection
	GlobalSection(ProjectConfigurationPlatforms) = postSolution
		{72659353-9FE2-428C-B969-79DD159855B4}.Debug|x64.ActiveCfg = Debug|x64
		{72659353-9FE2-428C-B969-79DD159855B4}.Debug|x64.Build.0 = Debug|x64
		{72659353-9FE2-428C-B969-79DD159855B4}.Debug|x86.ActiveCfg = Debug|Win32
		{72659353-9FE2-428C-B969-79DD159855B4}.Debug|x86.Build.0 = Debug|Win32
		{72659353-9FE2-428C-B969-79DD159855B4}.Release|x64.ActiveCfg = Release|x64
		{72659353-9FE2-428C-B969-79DD159855B4}.Release|x64.Build.0 = Release|x64
		{72659353-9FE2-428C-B969-79DD159855B4}.Release|x86.ActiveCfg = Release|Win32
		{72659353-9FE2-428C-B969-79DD159855B4}.Release|x86.Build.0 = Release|Win32
	EndGlobalSection
	GlobalSection(SolutionProperties) = preSolution
		HideSolutionNode = FALSE
	EndGlobalSection
	GlobalSection(ExtensibilityGlobals) = postSolution
		SolutionGuid = {9B08B014-C01F-49A3-9CEC-0F2FCDBE1D09}
	EndGlobalSection
EndGlobal
